Microsoft Visual Studio Solution File, Format Version 12.00
# Visual Studio Version 17.0
#
# xmake version 2.7.8+HEAD.87dff1ef4
#
#   This file is auto generated by xmake.
#
#   Please DO NOT EDIT since all your modification will lost after re-generation.
#   See https://github.com/xmake-io/xmake/pull/472 for more infomation.
#
VisualStudioVersion = 17.0
MinimumVisualStudioVersion = 10.0.40219.1
Project("{8BC9CEB8-8B4A-11D0-8D11-00A0C91BC942}") = "Sandbox", "Sandbox\Sandbox.vcxproj", "{42A5C15C-42A1-4380-AAB0-BD5F64AF60B7}"
EndProject
Project("{8BC9CEB8-8B4A-11D0-8D11-00A0C91BC942}") = "HAIEngine", "HAIEngine\HAIEngine.vcxproj", "{9E27BA51-9FE6-4FBF-A1A9-E27058EB9517}"
EndProject


Project("{2150E333-8FDC-42A3-9474-1A3956D46DE8}") = "Properties", "Properties", "{007754BD-BB1F-452F-A0D8-13EF216C5ED9}"
	ProjectSection(SolutionItems) = preProject
		Xmake.Custom.props = Xmake.Custom.props
		Xmake.Custom.targets = Xmake.Custom.targets
		..\xmake.lua = ..\xmake.lua
	EndProjectSection
EndProject
Global
	GlobalSection(SolutionConfigurationPlatforms) = preSolution
		debug|x64 = debug|x64
		release|x64 = release|x64
	EndGlobalSection
	GlobalSection(ProjectConfigurationPlatforms) = postSolution
		{42A5C15C-42A1-4380-AAB0-BD5F64AF60B7}.debug|x64.ActiveCfg = debug|x64
		{42A5C15C-42A1-4380-AAB0-BD5F64AF60B7}.debug|x64.Build.0 = debug|x64
		{9E27BA51-9FE6-4FBF-A1A9-E27058EB9517}.debug|x64.ActiveCfg = debug|x64
		{9E27BA51-9FE6-4FBF-A1A9-E27058EB9517}.debug|x64.Build.0 = debug|x64
		{42A5C15C-42A1-4380-AAB0-BD5F64AF60B7}.release|x64.ActiveCfg = release|x64
		{42A5C15C-42A1-4380-AAB0-BD5F64AF60B7}.release|x64.Build.0 = release|x64
		{9E27BA51-9FE6-4FBF-A1A9-E27058EB9517}.release|x64.ActiveCfg = release|x64
		{9E27BA51-9FE6-4FBF-A1A9-E27058EB9517}.release|x64.Build.0 = release|x64
	EndGlobalSection
	GlobalSection(SolutionProperties) = preSolution
		HideSolutionNode = FALSE
	EndGlobalSection
	GlobalSection(NestedProjects) = preSolution
	EndGlobalSection
	GlobalSection(ExtensibilityGlobals) = postSolution
		SolutionGuid = {8A11364D-20DC-4BA5-96B5-819B9DA276E3}
	EndGlobalSection
EndGlobal
