<?xml version="1.0" encoding="utf-8"?>
<!--
xmake version 2.7.8+HEAD.87dff1ef4

  This file is auto generated by xmake.

  Please DO NOT EDIT since all your modification will lost after re-generation.
  See https://github.com/xmake-io/xmake/pull/472 for more infomation.
-->
<Project ToolsVersion="4.0" xmlns="http://schemas.microsoft.com/developer/msbuild/2003">
  <ItemGroup>
    <Filter Include="Properties">
      <UniqueIdentifier>{CC7C6180-942D-056E-3227-E6A2B3FB19CD}</UniqueIdentifier>
    </Filter>
    <Filter Include="HAIEngine">
      <UniqueIdentifier>{9E27BA51-9FE6-4FBF-A1A9-E27058EB9517}</UniqueIdentifier>
    </Filter>
    <Filter Include="HAIEngine\src">
      <UniqueIdentifier>{4C08C630-5E2E-437E-A2B6-83C1B57AB7CE}</UniqueIdentifier>
    </Filter>
    <Filter Include="HAIEngine\src\HAIEngine">
      <UniqueIdentifier>{508A9B51-19B8-4FD4-BA40-FFCDE13EE4EB}</UniqueIdentifier>
    </Filter>
    <Filter Include="HAIEngine\src\HAIEngine\Events">
      <UniqueIdentifier>{81AB4020-4C3E-4C57-811E-8C25840BD5E2}</UniqueIdentifier>
    </Filter>
    <Filter Include="HAIEngine\src\HAIEngine\ImGui">
      <UniqueIdentifier>{BC62F084-72ED-49B1-9828-854E96191768}</UniqueIdentifier>
    </Filter>
    <Filter Include="HAIEngine\src\HAIEngine\Renderer">
      <UniqueIdentifier>{F10F2578-9919-4952-BA37-2F64B8264E45}</UniqueIdentifier>
    </Filter>
    <Filter Include="HAIEngine\src\ImGuiExamples">
      <UniqueIdentifier>{6F394E91-13DA-4D4D-8886-12CBAC188AC8}</UniqueIdentifier>
    </Filter>
    <Filter Include="HAIEngine\src\Platform">
      <UniqueIdentifier>{5FE740DE-3B77-4BF1-8C2A-6BE91063B999}</UniqueIdentifier>
    </Filter>
    <Filter Include="HAIEngine\src\Platform\OpenGL">
      <UniqueIdentifier>{7DA4857A-52ED-4084-B6CD-AE844E1E9DAC}</UniqueIdentifier>
    </Filter>
    <Filter Include="HAIEngine\src\Platform\Windows">
      <UniqueIdentifier>{8C4467F3-F412-451A-BAB6-8041BC206B4F}</UniqueIdentifier>
    </Filter>

  </ItemGroup>
  <ItemGroup>
    <None Include="$(MSBuildProjectDirectory)\Xmake.Custom.props">
      <Filter>Properties</Filter>
    </None>
    <None Include="$(MSBuildProjectDirectory)\Xmake.Custom.targets">
      <Filter>Properties</Filter>
    </None>
    <None Include="$(MSBuildProjectDirectory)\Xmake.Custom.items">
      <Filter>Properties</Filter>
    </None>
    <None Include="$(MSBuildProjectDirectory)\Xmake.Custom.items.filters">
      <Filter>Properties</Filter>
    </None>
    <None Include="$(XmakeScriptDir)\xmake.lua">
      <Filter>Properties</Filter>
    </None>
  </ItemGroup>
  <ItemGroup>
    <ClInclude Include="$(XmakeProjectDir)\HAIEngine\src\HAIEngine.h">
      <Filter>HAIEngine\src</Filter>
    </ClInclude>
    <ClInclude Include="$(XmakeProjectDir)\HAIEngine\src\HAIEngine\Application.h">
      <Filter>HAIEngine\src\HAIEngine</Filter>
    </ClInclude>
    <ClInclude Include="$(XmakeProjectDir)\HAIEngine\src\HAIEngine\Core.h">
      <Filter>HAIEngine\src\HAIEngine</Filter>
    </ClInclude>
    <ClInclude Include="$(XmakeProjectDir)\HAIEngine\src\HAIEngine\EntryPoint.h">
      <Filter>HAIEngine\src\HAIEngine</Filter>
    </ClInclude>
    <ClInclude Include="$(XmakeProjectDir)\HAIEngine\src\HAIEngine\Events\ApplicationEvent.h">
      <Filter>HAIEngine\src\HAIEngine\Events</Filter>
    </ClInclude>
    <ClInclude Include="$(XmakeProjectDir)\HAIEngine\src\HAIEngine\Events\Event.h">
      <Filter>HAIEngine\src\HAIEngine\Events</Filter>
    </ClInclude>
    <ClInclude Include="$(XmakeProjectDir)\HAIEngine\src\HAIEngine\Events\KeyEvent.h">
      <Filter>HAIEngine\src\HAIEngine\Events</Filter>
    </ClInclude>
    <ClInclude Include="$(XmakeProjectDir)\HAIEngine\src\HAIEngine\Events\MouseEvent.h">
      <Filter>HAIEngine\src\HAIEngine\Events</Filter>
    </ClInclude>
    <ClInclude Include="$(XmakeProjectDir)\HAIEngine\src\HAIEngine\ImGui\ImGuiLayer.h">
      <Filter>HAIEngine\src\HAIEngine\ImGui</Filter>
    </ClInclude>
    <ClInclude Include="$(XmakeProjectDir)\HAIEngine\src\HAIEngine\Input.h">
      <Filter>HAIEngine\src\HAIEngine</Filter>
    </ClInclude>
    <ClInclude Include="$(XmakeProjectDir)\HAIEngine\src\HAIEngine\KeyCodes.h">
      <Filter>HAIEngine\src\HAIEngine</Filter>
    </ClInclude>
    <ClInclude Include="$(XmakeProjectDir)\HAIEngine\src\HAIEngine\Layer.h">
      <Filter>HAIEngine\src\HAIEngine</Filter>
    </ClInclude>
    <ClInclude Include="$(XmakeProjectDir)\HAIEngine\src\HAIEngine\LayerStack.h">
      <Filter>HAIEngine\src\HAIEngine</Filter>
    </ClInclude>
    <ClInclude Include="$(XmakeProjectDir)\HAIEngine\src\HAIEngine\Log.h">
      <Filter>HAIEngine\src\HAIEngine</Filter>
    </ClInclude>
    <ClInclude Include="$(XmakeProjectDir)\HAIEngine\src\HAIEngine\MouseButtonCodes.h">
      <Filter>HAIEngine\src\HAIEngine</Filter>
    </ClInclude>
    <ClInclude Include="$(XmakeProjectDir)\HAIEngine\src\HAIEngine\Renderer\Buffer.h">
      <Filter>HAIEngine\src\HAIEngine\Renderer</Filter>
    </ClInclude>
    <ClInclude Include="$(XmakeProjectDir)\HAIEngine\src\HAIEngine\Renderer\GraphicsContext.h">
      <Filter>HAIEngine\src\HAIEngine\Renderer</Filter>
    </ClInclude>
    <ClInclude Include="$(XmakeProjectDir)\HAIEngine\src\HAIEngine\Renderer\OrthographicCamera.h">
      <Filter>HAIEngine\src\HAIEngine\Renderer</Filter>
    </ClInclude>
    <ClInclude Include="$(XmakeProjectDir)\HAIEngine\src\HAIEngine\Renderer\RenderCommand.h">
      <Filter>HAIEngine\src\HAIEngine\Renderer</Filter>
    </ClInclude>
    <ClInclude Include="$(XmakeProjectDir)\HAIEngine\src\HAIEngine\Renderer\Renderer.h">
      <Filter>HAIEngine\src\HAIEngine\Renderer</Filter>
    </ClInclude>
    <ClInclude Include="$(XmakeProjectDir)\HAIEngine\src\HAIEngine\Renderer\RendererAPI.h">
      <Filter>HAIEngine\src\HAIEngine\Renderer</Filter>
    </ClInclude>
    <ClInclude Include="$(XmakeProjectDir)\HAIEngine\src\HAIEngine\Renderer\Shader.h">
      <Filter>HAIEngine\src\HAIEngine\Renderer</Filter>
    </ClInclude>
    <ClInclude Include="$(XmakeProjectDir)\HAIEngine\src\HAIEngine\Renderer\VertexArray.h">
      <Filter>HAIEngine\src\HAIEngine\Renderer</Filter>
    </ClInclude>
    <ClInclude Include="$(XmakeProjectDir)\HAIEngine\src\HAIEngine\Window.h">
      <Filter>HAIEngine\src\HAIEngine</Filter>
    </ClInclude>
    <ClInclude Include="$(XmakeProjectDir)\HAIEngine\src\ImGuiExamples\imgui_impl_glfw.h">
      <Filter>HAIEngine\src\ImGuiExamples</Filter>
    </ClInclude>
    <ClInclude Include="$(XmakeProjectDir)\HAIEngine\src\ImGuiExamples\imgui_impl_opengl3.h">
      <Filter>HAIEngine\src\ImGuiExamples</Filter>
    </ClInclude>
    <ClInclude Include="$(XmakeProjectDir)\HAIEngine\src\ImGuiExamples\imgui_impl_opengl3_loader.h">
      <Filter>HAIEngine\src\ImGuiExamples</Filter>
    </ClInclude>
    <ClInclude Include="$(XmakeProjectDir)\HAIEngine\src\Platform\OpenGL\OpenGLBuffer.h">
      <Filter>HAIEngine\src\Platform\OpenGL</Filter>
    </ClInclude>
    <ClInclude Include="$(XmakeProjectDir)\HAIEngine\src\Platform\OpenGL\OpenGLContext.h">
      <Filter>HAIEngine\src\Platform\OpenGL</Filter>
    </ClInclude>
    <ClInclude Include="$(XmakeProjectDir)\HAIEngine\src\Platform\OpenGL\OpenGLRendererAPI.h">
      <Filter>HAIEngine\src\Platform\OpenGL</Filter>
    </ClInclude>
    <ClInclude Include="$(XmakeProjectDir)\HAIEngine\src\Platform\OpenGL\OpenGLVertexArray.h">
      <Filter>HAIEngine\src\Platform\OpenGL</Filter>
    </ClInclude>
    <ClInclude Include="$(XmakeProjectDir)\HAIEngine\src\Platform\Windows\WindowsInput.h">
      <Filter>HAIEngine\src\Platform\Windows</Filter>
    </ClInclude>
    <ClInclude Include="$(XmakeProjectDir)\HAIEngine\src\Platform\Windows\WindowsWindow.h">
      <Filter>HAIEngine\src\Platform\Windows</Filter>
    </ClInclude>
    <ClInclude Include="$(XmakeProjectDir)\HAIEngine\src\hepch.h">
      <Filter>HAIEngine\src</Filter>
    </ClInclude>


  </ItemGroup>
  <ItemGroup>

    <ClCompile Include="$(XmakeProjectDir)\HAIEngine\src\HAIEngine\Application.cpp">
      <Filter>HAIEngine\src\HAIEngine</Filter>
    </ClCompile>
    <ClCompile Include="$(XmakeProjectDir)\HAIEngine\src\HAIEngine\ImGui\ImGuiLayer.cpp">
      <Filter>HAIEngine\src\HAIEngine\ImGui</Filter>
    </ClCompile>
    <ClCompile Include="$(XmakeProjectDir)\HAIEngine\src\HAIEngine\Layer.cpp">
      <Filter>HAIEngine\src\HAIEngine</Filter>
    </ClCompile>
    <ClCompile Include="$(XmakeProjectDir)\HAIEngine\src\HAIEngine\LayerStack.cpp">
      <Filter>HAIEngine\src\HAIEngine</Filter>
    </ClCompile>
    <ClCompile Include="$(XmakeProjectDir)\HAIEngine\src\HAIEngine\Log.cpp">
      <Filter>HAIEngine\src\HAIEngine</Filter>
    </ClCompile>
    <ClCompile Include="$(XmakeProjectDir)\HAIEngine\src\HAIEngine\Renderer\Buffer.cpp">
      <Filter>HAIEngine\src\HAIEngine\Renderer</Filter>
    </ClCompile>
    <ClCompile Include="$(XmakeProjectDir)\HAIEngine\src\HAIEngine\Renderer\OrthographicCamera.cpp">
      <Filter>HAIEngine\src\HAIEngine\Renderer</Filter>
    </ClCompile>
    <ClCompile Include="$(XmakeProjectDir)\HAIEngine\src\HAIEngine\Renderer\RenderCommand.cpp">
      <Filter>HAIEngine\src\HAIEngine\Renderer</Filter>
    </ClCompile>
    <ClCompile Include="$(XmakeProjectDir)\HAIEngine\src\HAIEngine\Renderer\Renderer.cpp">
      <Filter>HAIEngine\src\HAIEngine\Renderer</Filter>
    </ClCompile>
    <ClCompile Include="$(XmakeProjectDir)\HAIEngine\src\HAIEngine\Renderer\RendererAPI.cpp">
      <Filter>HAIEngine\src\HAIEngine\Renderer</Filter>
    </ClCompile>
    <ClCompile Include="$(XmakeProjectDir)\HAIEngine\src\HAIEngine\Renderer\Shader.cpp">
      <Filter>HAIEngine\src\HAIEngine\Renderer</Filter>
    </ClCompile>
    <ClCompile Include="$(XmakeProjectDir)\HAIEngine\src\HAIEngine\Renderer\VertexArray.cpp">
      <Filter>HAIEngine\src\HAIEngine\Renderer</Filter>
    </ClCompile>
    <ClCompile Include="$(XmakeProjectDir)\HAIEngine\src\ImGuiExamples\imgui_impl_glfw.cpp">
      <Filter>HAIEngine\src\ImGuiExamples</Filter>
    </ClCompile>
    <ClCompile Include="$(XmakeProjectDir)\HAIEngine\src\ImGuiExamples\imgui_impl_opengl3.cpp">
      <Filter>HAIEngine\src\ImGuiExamples</Filter>
    </ClCompile>
    <ClCompile Include="$(XmakeProjectDir)\HAIEngine\src\Platform\OpenGL\OpenGLBuffer.cpp">
      <Filter>HAIEngine\src\Platform\OpenGL</Filter>
    </ClCompile>
    <ClCompile Include="$(XmakeProjectDir)\HAIEngine\src\Platform\OpenGL\OpenGLContext.cpp">
      <Filter>HAIEngine\src\Platform\OpenGL</Filter>
    </ClCompile>
    <ClCompile Include="$(XmakeProjectDir)\HAIEngine\src\Platform\OpenGL\OpenGLRendererAPI.cpp">
      <Filter>HAIEngine\src\Platform\OpenGL</Filter>
    </ClCompile>
    <ClCompile Include="$(XmakeProjectDir)\HAIEngine\src\Platform\OpenGL\OpenGLVertexArray.cpp">
      <Filter>HAIEngine\src\Platform\OpenGL</Filter>
    </ClCompile>
    <ClCompile Include="$(XmakeProjectDir)\HAIEngine\src\Platform\Windows\WindowsInput.cpp">
      <Filter>HAIEngine\src\Platform\Windows</Filter>
    </ClCompile>
    <ClCompile Include="$(XmakeProjectDir)\HAIEngine\src\Platform\Windows\WindowsWindow.cpp">
      <Filter>HAIEngine\src\Platform\Windows</Filter>
    </ClCompile>
    <ClCompile Include="$(XmakeProjectDir)\HAIEngine\src\hepch.cpp">
      <Filter>HAIEngine\src</Filter>
    </ClCompile>



  </ItemGroup>
  <ItemGroup>

  </ItemGroup>
  <ItemGroup>


  </ItemGroup>
  <Import Condition="Exists('$(MSBuildThisFileDirectory)\Xmake.Custom.files.filters')"
    Project="$(MSBuildThisFileDirectory)\Xmake.Custom.files.filters" />
</Project>
